<?xml version="1.0" encoding="utf-8"?>
<Project ToolsVersion="4.0" xmlns="http://schemas.microsoft.com/developer/msbuild/2003">
  <ItemGroup>
    <ClCompile Include="..\socket.io-client-cpp\src\internal\sio_client_impl.cpp" />
    <ClCompile Include="..\socket.io-client-cpp\src\internal\sio_packet.cpp" />
    <ClCompile Include="..\socket.io-client-cpp\src\sio_client.cpp" />
    <ClCompile Include="..\socket.io-client-cpp\src\sio_socket.cpp" />
    <ClCompile Include="PlatformComponent.cpp" />
    <ClCompile Include="PlayerMovementComponent.cpp" />
    <ClCompile Include="KnifeMovementComponent.cpp" />
    <ClCompile Include="Socket.cpp" />
    <ClCompile Include="Source\GameEngine\EntitySystem\Components\TextRenderComponent.cpp" />
    <ClCompile Include="Source\GameEngine\Util\CameraManager.cpp" />
    <ClCompile Include="Source\GameEngine\EntitySystem\Components\ParticleComponent.cpp" />
    <ClCompile Include="Source\GameEngine\EntitySystem\Components\ParticleEmitterComponent.cpp" />
    <ClCompile Include="Source\GameEngine\EntitySystem\Components\SoundComponent.cpp" />
    <ClCompile Include="Source\GameEngine\Util\AnimationManager.cpp" />
    <ClCompile Include="Source\GameEngine\EntitySystem\Components\AnimationComponent.cpp" />
    <ClCompile Include="Source\GameEngine\EntitySystem\Components\CollidablePhysicsComponent.cpp" />
    <ClCompile Include="Source\GameEngine\EntitySystem\Components\CollidableComponent.cpp" />
    <ClCompile Include="Source\GameEngine\Util\CollisionManager.cpp" />
    <ClCompile Include="Source\GameEngine\Util\SoundManager.cpp" />
    <ClCompile Include="Source\Game\GameBoard.cpp" />
    <ClCompile Include="Source\GameEngine\EntitySystem\Components\RenderComponent.cpp" />
    <ClCompile Include="Source\GameEngine\EntitySystem\Component.cpp" />
    <ClCompile Include="Source\main.cpp" />
    <ClCompile Include="Source\GameEngine\EntitySystem\Entity.cpp" />
    <ClCompile Include="Source\GameEngine\GameEngineMain.cpp" />
    <ClCompile Include="Source\GameEngine\Util\TextureManager.cpp" />
    <ClCompile Include="Source\GameEngine\EntitySystem\Components\SpriteRenderComponent.cpp" />
    <ClCompile Include="PawnPhysicsComponent.cpp" />
    <ClCompile Include="Player.cpp" />
    <ClCompile Include="OpponentMovementComponent.cpp" />
  </ItemGroup>
  <ItemGroup>
    <ClCompile Include="Source\GameEngine\GameEngineMain.cpp">
      <Filter>Source Files\GameEngine</Filter>
    </ClCompile>
    <ClCompile Include="Source\GameEngine\EntitySystem\Entity.cpp">
      <Filter>Source Files</Filter>
    </ClCompile>
    <ClCompile Include="Source\GameEngine\EntitySystem\Component.cpp">
      <Filter>Source Files</Filter>
    </ClCompile>
    <ClCompile Include="Source\GameEngine\EntitySystem\Components\RenderComponent.cpp">
      <Filter>Source Files</Filter>
    </ClCompile>
    <ClCompile Include="Source\Game\GameBoard.cpp">
      <Filter>Source Files</Filter>
    </ClCompile>
    <ClCompile Include="Source\GameEngine\Util\CollisionManager.cpp">
      <Filter>Source Files</Filter>
    </ClCompile>
    <ClCompile Include="Source\GameEngine\EntitySystem\Components\CollidableComponent.cpp">
      <Filter>Source Files</Filter>
    </ClCompile>
    <ClCompile Include="Source\GameEngine\EntitySystem\Components\CollidablePhysicsComponent.cpp">
      <Filter>Source Files</Filter>
    </ClCompile>
    <ClCompile Include="Source\GameEngine\Util\TextureManager.cpp">
      <Filter>Source Files</Filter>
    </ClCompile>
    <ClCompile Include="Source\GameEngine\EntitySystem\Components\SpriteRenderComponent.cpp">
      <Filter>Source Files</Filter>
    </ClCompile>
    <ClCompile Include="Source\GameEngine\EntitySystem\Components\AnimationComponent.cpp">
      <Filter>Source Files</Filter>
    </ClCompile>
    <ClCompile Include="Source\GameEngine\Util\AnimationManager.cpp">
      <Filter>Source Files</Filter>
    </ClCompile>
    <ClCompile Include="Source\GameEngine\EntitySystem\Components\ParticleComponent.cpp">
      <Filter>Source Files</Filter>
    </ClCompile>
    <ClCompile Include="Source\GameEngine\EntitySystem\Components\ParticleEmitterComponent.cpp">
      <Filter>Source Files</Filter>
    </ClCompile>
    <ClCompile Include="Source\GameEngine\EntitySystem\Components\SoundComponent.cpp">
      <Filter>Source Files</Filter>
    </ClCompile>
    <ClCompile Include="Source\GameEngine\Util\SoundManager.cpp">
      <Filter>Source Files</Filter>
    </ClCompile>
    <ClCompile Include="Source\GameEngine\Util\CameraManager.cpp">
      <Filter>Source Files</Filter>
    </ClCompile>
    <ClCompile Include="Source\main.cpp">
      <Filter>Source Files</Filter>
    </ClCompile>
    <ClCompile Include="Source\GameEngine\EntitySystem\Components\TextRenderComponent.cpp">
      <Filter>Source Files</Filter>
    </ClCompile>
    <ClCompile Include="PlayerMovementComponent.cpp">
      <Filter>Source Files</Filter>
    </ClCompile>
    <ClCompile Include="KnifeMovementComponent.cpp">
      <Filter>Source Files</Filter>
    </ClCompile>
    <ClCompile Include="..\socket.io-client-cpp\src\internal\sio_client_impl.cpp">
      <Filter>Source Files</Filter>
    </ClCompile>
    <ClCompile Include="..\socket.io-client-cpp\src\internal\sio_packet.cpp">
      <Filter>Source Files</Filter>
    </ClCompile>
    <ClCompile Include="..\socket.io-client-cpp\src\sio_client.cpp">
      <Filter>Source Files</Filter>
    </ClCompile>
    <ClCompile Include="..\socket.io-client-cpp\src\sio_socket.cpp">
      <Filter>Source Files</Filter>
    </ClCompile>
    <ClCompile Include="Socket.cpp">
      <Filter>Source Files</Filter>
    </ClCompile>
  </ItemGroup>
  <ItemGroup>
    <ClInclude Include="..\socket.io-client-cpp\src\internal\sio_client_impl.h" />
    <ClInclude Include="..\socket.io-client-cpp\src\internal\sio_packet.h" />
    <ClInclude Include="..\socket.io-client-cpp\src\sio_client.h" />
    <ClInclude Include="..\socket.io-client-cpp\src\sio_message.h" />
    <ClInclude Include="..\socket.io-client-cpp\src\sio_socket.h" />
    <ClInclude Include="Player.h" />
    <ClInclude Include="PawnPhysicsComponent.h" />
    <ClInclude Include="Socket.h" />
    <ClInclude Include="KnifeMovementComponent.h" />
    <ClInclude Include="PlatformComponent.h" />
    <ClInclude Include="PlayerMovementComponent.h" />
    <ClInclude Include="Source\GameEngine\EntitySystem\Components\TextRenderComponent.h" />
    <ClInclude Include="Source\GameEngine\Util\CameraManager.h" />
    <ClInclude Include="Source\GameEngine\EntitySystem\Components\ParticleComponent.h" />
    <ClInclude Include="Source\GameEngine\EntitySystem\Components\ParticleEmitterComponent.h" />
    <ClInclude Include="Source\GameEngine\EntitySystem\Components\SoundComponent.h" />
    <ClInclude Include="Source\GameEngine\Util\AnimationManager.h" />
    <ClInclude Include="Source\GameEngine\EntitySystem\Components\AnimationComponent.h" />
    <ClInclude Include="Source\GameEngine\EntitySystem\Components\CollidablePhysicsComponent.h" />
    <ClInclude Include="Source\GameEngine\EntitySystem\Components\CollidableComponent.h" />
    <ClInclude Include="Source\GameEngine\Util\CollisionManager.h" />
    <ClInclude Include="Source\GameEngine\Util\SoundManager.h" />
    <ClInclude Include="Source\Game\GameBoard.h" />
    <ClInclude Include="Source\GameEngine\EntitySystem\Components\RenderComponent.h" />
    <ClInclude Include="Source\GameEngine\EntitySystem\Component.h" />
    <ClInclude Include="Source\GameEngine\EntitySystem\Entity.h" />
    <ClInclude Include="Source\GameEngine\GameEngineMain.h" />
    <ClInclude Include="Source\GameEngine\Util\TextureManager.h" />
    <ClInclude Include="Source\GameEngine\EntitySystem\Components\SpriteRenderComponent.h" />
    <ClInclude Include="OpponentMovementComponent.h" />
  </ItemGroup>
</Project>